
Microsoft Visual Studio Solution File, Format Version 12.00
# Visual Studio Version 17
VisualStudioVersion = 17.2.32630.192
MinimumVisualStudioVersion = 10.0.40219.1
Project("{9A19103F-16F7-4668-BE54-9A1E7A4F7556}") = "R5T.F0040.Construction", "R5T.F0040.Construction\R5T.F0040.Construction.csproj", "{556767DC-8867-4638-B5F5-1DDE3FE0324D}"
EndProject
Project("{9A19103F-16F7-4668-BE54-9A1E7A4F7556}") = "R5T.F0040", "R5T.F0040\R5T.F0040.csproj", "{95151DFB-1EED-4DFD-A2F1-BD27DF61DD74}"
EndProject
Project("{2150E333-8FDC-42A3-9474-1A3956D46DE8}") = "_Dependencies", "_Dependencies", "{31163635-37B1-446A-B30C-79AA514A5968}"
EndProject
Project("{9A19103F-16F7-4668-BE54-9A1E7A4F7556}") = "R5T.Z0012", "..\..\R5T.Z0012\source\R5T.Z0012\R5T.Z0012.csproj", "{8280A4DE-52BC-4469-90D3-3E305EFBED2C}"
EndProject
Project("{9A19103F-16F7-4668-BE54-9A1E7A4F7556}") = "R5T.F0020", "..\..\R5T.F0020\source\R5T.F0020\R5T.F0020.csproj", "{DF1B133B-4080-479C-B9F9-14311FE92763}"
EndProject
Global
	GlobalSection(SolutionConfigurationPlatforms) = preSolution
		Debug|Any CPU = Debug|Any CPU
		Release|Any CPU = Release|Any CPU
	EndGlobalSection
	GlobalSection(ProjectConfigurationPlatforms) = postSolution
		{556767DC-8867-4638-B5F5-1DDE3FE0324D}.Debug|Any CPU.ActiveCfg = Debug|Any CPU
		{556767DC-8867-4638-B5F5-1DDE3FE0324D}.Debug|Any CPU.Build.0 = Debug|Any CPU
		{556767DC-8867-4638-B5F5-1DDE3FE0324D}.Release|Any CPU.ActiveCfg = Release|Any CPU
		{556767DC-8867-4638-B5F5-1DDE3FE0324D}.Release|Any CPU.Build.0 = Release|Any CPU
		{95151DFB-1EED-4DFD-A2F1-BD27DF61DD74}.Debug|Any CPU.ActiveCfg = Debug|Any CPU
		{95151DFB-1EED-4DFD-A2F1-BD27DF61DD74}.Debug|Any CPU.Build.0 = Debug|Any CPU
		{95151DFB-1EED-4DFD-A2F1-BD27DF61DD74}.Release|Any CPU.ActiveCfg = Release|Any CPU
		{95151DFB-1EED-4DFD-A2F1-BD27DF61DD74}.Release|Any CPU.Build.0 = Release|Any CPU
		{8280A4DE-52BC-4469-90D3-3E305EFBED2C}.Debug|Any CPU.ActiveCfg = Debug|Any CPU
		{8280A4DE-52BC-4469-90D3-3E305EFBED2C}.Debug|Any CPU.Build.0 = Debug|Any CPU
		{8280A4DE-52BC-4469-90D3-3E305EFBED2C}.Release|Any CPU.ActiveCfg = Release|Any CPU
		{8280A4DE-52BC-4469-90D3-3E305EFBED2C}.Release|Any CPU.Build.0 = Release|Any CPU
		{DF1B133B-4080-479C-B9F9-14311FE92763}.Debug|Any CPU.ActiveCfg = Debug|Any CPU
		{DF1B133B-4080-479C-B9F9-14311FE92763}.Debug|Any CPU.Build.0 = Debug|Any CPU
		{DF1B133B-4080-479C-B9F9-14311FE92763}.Release|Any CPU.ActiveCfg = Release|Any CPU
		{DF1B133B-4080-479C-B9F9-14311FE92763}.Release|Any CPU.Build.0 = Release|Any CPU
	EndGlobalSection
	GlobalSection(SolutionProperties) = preSolution
		HideSolutionNode = FALSE
	EndGlobalSection
	GlobalSection(NestedProjects) = preSolution
		{8280A4DE-52BC-4469-90D3-3E305EFBED2C} = {31163635-37B1-446A-B30C-79AA514A5968}
		{DF1B133B-4080-479C-B9F9-14311FE92763} = {31163635-37B1-446A-B30C-79AA514A5968}
	EndGlobalSection
	GlobalSection(ExtensibilityGlobals) = postSolution
		SolutionGuid = {C45FD4C3-6F99-4D4B-9CA4-6342C70E2815}
	EndGlobalSection
EndGlobal
