
Microsoft Visual Studio Solution File, Format Version 12.00
# Visual Studio Version 17
VisualStudioVersion = 17.2.32630.192
MinimumVisualStudioVersion = 10.0.40219.1
Project("{9A19103F-16F7-4668-BE54-9A1E7A4F7556}") = "R5T.F0040.Construction", "R5T.F0040.Construction\R5T.F0040.Construction.csproj", "{556767DC-8867-4638-B5F5-1DDE3FE0324D}"
EndProject
Project("{9A19103F-16F7-4668-BE54-9A1E7A4F7556}") = "R5T.F0040", "R5T.F0040\R5T.F0040.csproj", "{95151DFB-1EED-4DFD-A2F1-BD27DF61DD74}"
EndProject
Project("{2150E333-8FDC-42A3-9474-1A3956D46DE8}") = "_Dependencies", "_Dependencies", "{31163635-37B1-446A-B30C-79AA514A5968}"
EndProject
Project("{9A19103F-16F7-4668-BE54-9A1E7A4F7556}") = "R5T.Z0012", "..\..\R5T.Z0012\source\R5T.Z0012\R5T.Z0012.csproj", "{8280A4DE-52BC-4469-90D3-3E305EFBED2C}"
EndProject
Project("{9A19103F-16F7-4668-BE54-9A1E7A4F7556}") = "R5T.F0020", "..\..\R5T.F0020\source\R5T.F0020\R5T.F0020.csproj", "{DF1B133B-4080-479C-B9F9-14311FE92763}"
EndProject
Project("{9A19103F-16F7-4668-BE54-9A1E7A4F7556}") = "R5T.F0040.F000", "R5T.F0040.F000\R5T.F0040.F000.csproj", "{7474E2A4-D7E8-4B62-84B7-61B290C3A7A1}"
EndProject
Project("{9A19103F-16F7-4668-BE54-9A1E7A4F7556}") = "R5T.F0002", "..\..\R5T.F0002\source\R5T.F0002\R5T.F0002.csproj", "{F56BF4D8-CC97-4044-B957-492632AD0732}"
EndProject
Project("{9A19103F-16F7-4668-BE54-9A1E7A4F7556}") = "R5T.L0066", "..\..\R5T.L0066\source\R5T.L0066\R5T.L0066.csproj", "{37992E7E-3647-49E3-A0F7-462C97B332AF}"
EndProject
Project("{9A19103F-16F7-4668-BE54-9A1E7A4F7556}") = "R5T.T0131", "..\..\R5T.T0131\source\R5T.T0131\R5T.T0131.csproj", "{89CF9B3D-C5A7-4C02-8434-25E39B005C43}"
EndProject
Project("{9A19103F-16F7-4668-BE54-9A1E7A4F7556}") = "R5T.T0132", "..\..\R5T.T0132\source\R5T.T0132\R5T.T0132.csproj", "{A4BA97A0-C8A3-456A-B3A1-A7D26CA74EAF}"
EndProject
Project("{9A19103F-16F7-4668-BE54-9A1E7A4F7556}") = "R5T.T0142", "..\..\R5T.T0142\source\R5T.T0142\R5T.T0142.csproj", "{218D41ED-285F-4E53-8CB5-995E2FE7F032}"
EndProject
Project("{9A19103F-16F7-4668-BE54-9A1E7A4F7556}") = "R5T.T0143", "..\..\R5T.T0143\source\R5T.T0143\R5T.T0143.csproj", "{2CA44E3A-214B-434D-856F-9BE4014FDCD9}"
EndProject
Project("{9A19103F-16F7-4668-BE54-9A1E7A4F7556}") = "R5T.T0156", "..\..\R5T.T0156\source\R5T.T0156\R5T.T0156.csproj", "{68050725-DEDC-4B01-8847-4DBFF7995CB0}"
EndProject
Project("{9A19103F-16F7-4668-BE54-9A1E7A4F7556}") = "R5T.T0241", "..\..\R5T.T0241\source\R5T.T0241\R5T.T0241.csproj", "{EE67F639-50E7-45B5-8DC7-C38A251EBB7C}"
EndProject
Project("{9A19103F-16F7-4668-BE54-9A1E7A4F7556}") = "R5T.Y0006", "..\..\R5T.Y0006\source\R5T.Y0006\R5T.Y0006.csproj", "{597C140C-9BF0-42E0-9567-672A1FEB2A71}"
EndProject
Project("{9A19103F-16F7-4668-BE54-9A1E7A4F7556}") = "R5T.Z0072.Z000", "..\..\R5T.Z0072\source\R5T.Z0072.Z000\R5T.Z0072.Z000.csproj", "{7C465F2B-4D4F-449A-A1CA-1172C9831C7E}"
EndProject
Project("{9A19103F-16F7-4668-BE54-9A1E7A4F7556}") = "R5T.Z0072.Z002", "..\..\R5T.Z0072\source\R5T.Z0072.Z002\R5T.Z0072.Z002.csproj", "{366ACEF3-643C-4835-B2AD-E8904D63743D}"
EndProject
Global
	GlobalSection(NestedProjects) = preSolution
		{8280A4DE-52BC-4469-90D3-3E305EFBED2C} = {31163635-37B1-446A-B30C-79AA514A5968}
		{DF1B133B-4080-479C-B9F9-14311FE92763} = {31163635-37B1-446A-B30C-79AA514A5968}
		{F56BF4D8-CC97-4044-B957-492632AD0732} = {31163635-37B1-446A-B30C-79AA514A5968}
		{37992E7E-3647-49E3-A0F7-462C97B332AF} = {31163635-37B1-446A-B30C-79AA514A5968}
		{89CF9B3D-C5A7-4C02-8434-25E39B005C43} = {31163635-37B1-446A-B30C-79AA514A5968}
		{A4BA97A0-C8A3-456A-B3A1-A7D26CA74EAF} = {31163635-37B1-446A-B30C-79AA514A5968}
		{218D41ED-285F-4E53-8CB5-995E2FE7F032} = {31163635-37B1-446A-B30C-79AA514A5968}
		{2CA44E3A-214B-434D-856F-9BE4014FDCD9} = {31163635-37B1-446A-B30C-79AA514A5968}
		{68050725-DEDC-4B01-8847-4DBFF7995CB0} = {31163635-37B1-446A-B30C-79AA514A5968}
		{EE67F639-50E7-45B5-8DC7-C38A251EBB7C} = {31163635-37B1-446A-B30C-79AA514A5968}
		{597C140C-9BF0-42E0-9567-672A1FEB2A71} = {31163635-37B1-446A-B30C-79AA514A5968}
		{7C465F2B-4D4F-449A-A1CA-1172C9831C7E} = {31163635-37B1-446A-B30C-79AA514A5968}
		{366ACEF3-643C-4835-B2AD-E8904D63743D} = {31163635-37B1-446A-B30C-79AA514A5968}
	EndGlobalSection
	GlobalSection(SolutionConfigurationPlatforms) = preSolution
		Debug|Any CPU = Debug|Any CPU
		Release|Any CPU = Release|Any CPU
	EndGlobalSection
	GlobalSection(ProjectConfigurationPlatforms) = postSolution
		{556767DC-8867-4638-B5F5-1DDE3FE0324D}.Debug|Any CPU.ActiveCfg = Debug|Any CPU
		{556767DC-8867-4638-B5F5-1DDE3FE0324D}.Debug|Any CPU.Build.0 = Debug|Any CPU
		{556767DC-8867-4638-B5F5-1DDE3FE0324D}.Release|Any CPU.ActiveCfg = Release|Any CPU
		{556767DC-8867-4638-B5F5-1DDE3FE0324D}.Release|Any CPU.Build.0 = Release|Any CPU
		{95151DFB-1EED-4DFD-A2F1-BD27DF61DD74}.Debug|Any CPU.ActiveCfg = Debug|Any CPU
		{95151DFB-1EED-4DFD-A2F1-BD27DF61DD74}.Debug|Any CPU.Build.0 = Debug|Any CPU
		{95151DFB-1EED-4DFD-A2F1-BD27DF61DD74}.Release|Any CPU.ActiveCfg = Release|Any CPU
		{95151DFB-1EED-4DFD-A2F1-BD27DF61DD74}.Release|Any CPU.Build.0 = Release|Any CPU
		{8280A4DE-52BC-4469-90D3-3E305EFBED2C}.Debug|Any CPU.ActiveCfg = Debug|Any CPU
		{8280A4DE-52BC-4469-90D3-3E305EFBED2C}.Debug|Any CPU.Build.0 = Debug|Any CPU
		{8280A4DE-52BC-4469-90D3-3E305EFBED2C}.Release|Any CPU.ActiveCfg = Release|Any CPU
		{8280A4DE-52BC-4469-90D3-3E305EFBED2C}.Release|Any CPU.Build.0 = Release|Any CPU
		{DF1B133B-4080-479C-B9F9-14311FE92763}.Debug|Any CPU.ActiveCfg = Debug|Any CPU
		{DF1B133B-4080-479C-B9F9-14311FE92763}.Debug|Any CPU.Build.0 = Debug|Any CPU
		{DF1B133B-4080-479C-B9F9-14311FE92763}.Release|Any CPU.ActiveCfg = Release|Any CPU
		{DF1B133B-4080-479C-B9F9-14311FE92763}.Release|Any CPU.Build.0 = Release|Any CPU
		{7474E2A4-D7E8-4B62-84B7-61B290C3A7A1}.Debug|Any CPU.ActiveCfg = Debug|Any CPU
		{7474E2A4-D7E8-4B62-84B7-61B290C3A7A1}.Debug|Any CPU.Build.0 = Debug|Any CPU
		{7474E2A4-D7E8-4B62-84B7-61B290C3A7A1}.Release|Any CPU.ActiveCfg = Release|Any CPU
		{7474E2A4-D7E8-4B62-84B7-61B290C3A7A1}.Release|Any CPU.Build.0 = Release|Any CPU
		{F56BF4D8-CC97-4044-B957-492632AD0732}.Debug|Any CPU.ActiveCfg = Debug|Any CPU
		{F56BF4D8-CC97-4044-B957-492632AD0732}.Debug|Any CPU.Build.0 = Debug|Any CPU
		{F56BF4D8-CC97-4044-B957-492632AD0732}.Release|Any CPU.ActiveCfg = Release|Any CPU
		{F56BF4D8-CC97-4044-B957-492632AD0732}.Release|Any CPU.Build.0 = Release|Any CPU
		{37992E7E-3647-49E3-A0F7-462C97B332AF}.Debug|Any CPU.ActiveCfg = Debug|Any CPU
		{37992E7E-3647-49E3-A0F7-462C97B332AF}.Debug|Any CPU.Build.0 = Debug|Any CPU
		{37992E7E-3647-49E3-A0F7-462C97B332AF}.Release|Any CPU.ActiveCfg = Release|Any CPU
		{37992E7E-3647-49E3-A0F7-462C97B332AF}.Release|Any CPU.Build.0 = Release|Any CPU
		{89CF9B3D-C5A7-4C02-8434-25E39B005C43}.Debug|Any CPU.ActiveCfg = Debug|Any CPU
		{89CF9B3D-C5A7-4C02-8434-25E39B005C43}.Debug|Any CPU.Build.0 = Debug|Any CPU
		{89CF9B3D-C5A7-4C02-8434-25E39B005C43}.Release|Any CPU.ActiveCfg = Release|Any CPU
		{89CF9B3D-C5A7-4C02-8434-25E39B005C43}.Release|Any CPU.Build.0 = Release|Any CPU
		{A4BA97A0-C8A3-456A-B3A1-A7D26CA74EAF}.Debug|Any CPU.ActiveCfg = Debug|Any CPU
		{A4BA97A0-C8A3-456A-B3A1-A7D26CA74EAF}.Debug|Any CPU.Build.0 = Debug|Any CPU
		{A4BA97A0-C8A3-456A-B3A1-A7D26CA74EAF}.Release|Any CPU.ActiveCfg = Release|Any CPU
		{A4BA97A0-C8A3-456A-B3A1-A7D26CA74EAF}.Release|Any CPU.Build.0 = Release|Any CPU
		{218D41ED-285F-4E53-8CB5-995E2FE7F032}.Debug|Any CPU.ActiveCfg = Debug|Any CPU
		{218D41ED-285F-4E53-8CB5-995E2FE7F032}.Debug|Any CPU.Build.0 = Debug|Any CPU
		{218D41ED-285F-4E53-8CB5-995E2FE7F032}.Release|Any CPU.ActiveCfg = Release|Any CPU
		{218D41ED-285F-4E53-8CB5-995E2FE7F032}.Release|Any CPU.Build.0 = Release|Any CPU
		{2CA44E3A-214B-434D-856F-9BE4014FDCD9}.Debug|Any CPU.ActiveCfg = Debug|Any CPU
		{2CA44E3A-214B-434D-856F-9BE4014FDCD9}.Debug|Any CPU.Build.0 = Debug|Any CPU
		{2CA44E3A-214B-434D-856F-9BE4014FDCD9}.Release|Any CPU.ActiveCfg = Release|Any CPU
		{2CA44E3A-214B-434D-856F-9BE4014FDCD9}.Release|Any CPU.Build.0 = Release|Any CPU
		{68050725-DEDC-4B01-8847-4DBFF7995CB0}.Debug|Any CPU.ActiveCfg = Debug|Any CPU
		{68050725-DEDC-4B01-8847-4DBFF7995CB0}.Debug|Any CPU.Build.0 = Debug|Any CPU
		{68050725-DEDC-4B01-8847-4DBFF7995CB0}.Release|Any CPU.ActiveCfg = Release|Any CPU
		{68050725-DEDC-4B01-8847-4DBFF7995CB0}.Release|Any CPU.Build.0 = Release|Any CPU
		{EE67F639-50E7-45B5-8DC7-C38A251EBB7C}.Debug|Any CPU.ActiveCfg = Debug|Any CPU
		{EE67F639-50E7-45B5-8DC7-C38A251EBB7C}.Debug|Any CPU.Build.0 = Debug|Any CPU
		{EE67F639-50E7-45B5-8DC7-C38A251EBB7C}.Release|Any CPU.ActiveCfg = Release|Any CPU
		{EE67F639-50E7-45B5-8DC7-C38A251EBB7C}.Release|Any CPU.Build.0 = Release|Any CPU
		{597C140C-9BF0-42E0-9567-672A1FEB2A71}.Debug|Any CPU.ActiveCfg = Debug|Any CPU
		{597C140C-9BF0-42E0-9567-672A1FEB2A71}.Debug|Any CPU.Build.0 = Debug|Any CPU
		{597C140C-9BF0-42E0-9567-672A1FEB2A71}.Release|Any CPU.ActiveCfg = Release|Any CPU
		{597C140C-9BF0-42E0-9567-672A1FEB2A71}.Release|Any CPU.Build.0 = Release|Any CPU
		{7C465F2B-4D4F-449A-A1CA-1172C9831C7E}.Debug|Any CPU.ActiveCfg = Debug|Any CPU
		{7C465F2B-4D4F-449A-A1CA-1172C9831C7E}.Debug|Any CPU.Build.0 = Debug|Any CPU
		{7C465F2B-4D4F-449A-A1CA-1172C9831C7E}.Release|Any CPU.ActiveCfg = Release|Any CPU
		{7C465F2B-4D4F-449A-A1CA-1172C9831C7E}.Release|Any CPU.Build.0 = Release|Any CPU
		{366ACEF3-643C-4835-B2AD-E8904D63743D}.Debug|Any CPU.ActiveCfg = Debug|Any CPU
		{366ACEF3-643C-4835-B2AD-E8904D63743D}.Debug|Any CPU.Build.0 = Debug|Any CPU
		{366ACEF3-643C-4835-B2AD-E8904D63743D}.Release|Any CPU.ActiveCfg = Release|Any CPU
		{366ACEF3-643C-4835-B2AD-E8904D63743D}.Release|Any CPU.Build.0 = Release|Any CPU
	EndGlobalSection
	GlobalSection(SolutionProperties) = preSolution
		HideSolutionNode = FALSE
	EndGlobalSection
	GlobalSection(ExtensibilityGlobals) = postSolution
		SolutionGuid = {C45FD4C3-6F99-4D4B-9CA4-6342C70E2815}
	EndGlobalSection
EndGlobal
