
Microsoft Visual Studio Solution File, Format Version 12.00
# Visual Studio Version 17
VisualStudioVersion = 17.2.32630.192
MinimumVisualStudioVersion = 10.0.40219.1
Project("{9A19103F-16F7-4668-BE54-9A1E7A4F7556}") = "R5T.F0040", "R5T.F0040\R5T.F0040.csproj", "{13A68CD1-A41F-4E16-9BB3-3AE00E52ED79}"
EndProject
Project("{2150E333-8FDC-42A3-9474-1A3956D46DE8}") = "_Dependencies", "_Dependencies", "{CB2D8999-6E0D-49D3-878D-B2F06AFC0F4E}"
EndProject
Project("{9A19103F-16F7-4668-BE54-9A1E7A4F7556}") = "R5T.F0000", "..\..\R5T.F0000\source\R5T.F0000\R5T.F0000.csproj", "{E29E12F1-709D-481E-B63D-5A16BB5C23EF}"
EndProject
Project("{9A19103F-16F7-4668-BE54-9A1E7A4F7556}") = "R5T.F0002", "..\..\R5T.F0002\source\R5T.F0002\R5T.F0002.csproj", "{BE62F4BD-96F4-4ACB-9B53-573167D40754}"
EndProject
Project("{9A19103F-16F7-4668-BE54-9A1E7A4F7556}") = "R5T.F0020", "..\..\R5T.F0020\source\R5T.F0020\R5T.F0020.csproj", "{A01C1509-83B1-437E-9C8A-BC7AA20955BB}"
EndProject
Project("{9A19103F-16F7-4668-BE54-9A1E7A4F7556}") = "R5T.F0040.F000", "R5T.F0040.F000\R5T.F0040.F000.csproj", "{7C640237-E5CE-4F85-A1F5-9E9E33FA8872}"
EndProject
Project("{9A19103F-16F7-4668-BE54-9A1E7A4F7556}") = "R5T.T0131", "..\..\R5T.T0131\source\R5T.T0131\R5T.T0131.csproj", "{1A7E24F6-C3D8-4220-A289-120DDE3CE060}"
EndProject
Project("{9A19103F-16F7-4668-BE54-9A1E7A4F7556}") = "R5T.T0132", "..\..\R5T.T0132\source\R5T.T0132\R5T.T0132.csproj", "{067C8937-4FB2-4885-8A57-6A04420AA05E}"
EndProject
Project("{9A19103F-16F7-4668-BE54-9A1E7A4F7556}") = "R5T.T0142", "..\..\R5T.T0142\source\R5T.T0142\R5T.T0142.csproj", "{9835DE04-AB68-4C93-BF1A-0768D25E244B}"
EndProject
Project("{9A19103F-16F7-4668-BE54-9A1E7A4F7556}") = "R5T.T0143", "..\..\R5T.T0143\source\R5T.T0143\R5T.T0143.csproj", "{54BEFD56-F1D0-48A0-BE7D-F2D0B4A0A4AF}"
EndProject
Project("{9A19103F-16F7-4668-BE54-9A1E7A4F7556}") = "R5T.T0152", "..\..\R5T.T0152\source\R5T.T0152\R5T.T0152.csproj", "{A2D89342-F06C-4672-AB72-FFB034E06F67}"
EndProject
Project("{9A19103F-16F7-4668-BE54-9A1E7A4F7556}") = "R5T.T0156", "..\..\R5T.T0156\source\R5T.T0156\R5T.T0156.csproj", "{2289D1C2-86C0-4C1B-AA08-16B298483D16}"
EndProject
Project("{9A19103F-16F7-4668-BE54-9A1E7A4F7556}") = "R5T.Y0000", "..\..\R5T.Y0000\source\R5T.Y0000\R5T.Y0000.csproj", "{5918DF3D-95B2-401D-9BC8-85640E0CF752}"
EndProject
Project("{9A19103F-16F7-4668-BE54-9A1E7A4F7556}") = "R5T.Z0000", "..\..\R5T.Z0000\source\R5T.Z0000\R5T.Z0000.csproj", "{0570BBEE-63DD-4EF0-BBE8-C01547AD43C3}"
EndProject
Project("{9A19103F-16F7-4668-BE54-9A1E7A4F7556}") = "R5T.Z0012", "..\..\R5T.Z0012\source\R5T.Z0012\R5T.Z0012.csproj", "{D68DD11F-B3AC-4F8F-B8BA-6076A096A11C}"
EndProject
Project("{9A19103F-16F7-4668-BE54-9A1E7A4F7556}") = "R5T.L0053", "..\..\R5T.L0053\source\R5T.L0053\R5T.L0053.csproj", "{C5837FC0-D08E-4E01-B5BB-6F60AE36E441}"
EndProject
Project("{9A19103F-16F7-4668-BE54-9A1E7A4F7556}") = "R5T.Z0010.Platform", "..\..\R5T.Z0010\source\R5T.Z0010.Platform\R5T.Z0010.Platform.csproj", "{16847238-009D-48FF-AE76-F7F824753F8E}"
EndProject
Project("{9A19103F-16F7-4668-BE54-9A1E7A4F7556}") = "R5T.L0066", "..\..\R5T.L0066\source\R5T.L0066\R5T.L0066.csproj", "{2A37E2FF-B308-45AC-8DC4-E0E3AD73396A}"
EndProject
Project("{9A19103F-16F7-4668-BE54-9A1E7A4F7556}") = "R5T.T0241", "..\..\R5T.T0241\source\R5T.T0241\R5T.T0241.csproj", "{0F19809C-4A67-41D1-901A-D7AD38F0C1EC}"
EndProject
Project("{9A19103F-16F7-4668-BE54-9A1E7A4F7556}") = "R5T.Y0006", "..\..\R5T.Y0006\source\R5T.Y0006\R5T.Y0006.csproj", "{7DAF82BA-8134-40AB-B7C8-4FCB4B2E406F}"
EndProject
Project("{9A19103F-16F7-4668-BE54-9A1E7A4F7556}") = "R5T.Z0072.Z000", "..\..\R5T.Z0072\source\R5T.Z0072.Z000\R5T.Z0072.Z000.csproj", "{02DC8BD9-CF11-4165-A264-BF2EE2BA9B50}"
EndProject
Project("{9A19103F-16F7-4668-BE54-9A1E7A4F7556}") = "R5T.Z0072.Z002", "..\..\R5T.Z0072\source\R5T.Z0072.Z002\R5T.Z0072.Z002.csproj", "{DB9BDFD4-9D68-4E41-9470-5414C53D9E97}"
EndProject
Global
	GlobalSection(NestedProjects) = preSolution
		{E29E12F1-709D-481E-B63D-5A16BB5C23EF} = {CB2D8999-6E0D-49D3-878D-B2F06AFC0F4E}
		{BE62F4BD-96F4-4ACB-9B53-573167D40754} = {CB2D8999-6E0D-49D3-878D-B2F06AFC0F4E}
		{A01C1509-83B1-437E-9C8A-BC7AA20955BB} = {CB2D8999-6E0D-49D3-878D-B2F06AFC0F4E}
		{1A7E24F6-C3D8-4220-A289-120DDE3CE060} = {CB2D8999-6E0D-49D3-878D-B2F06AFC0F4E}
		{067C8937-4FB2-4885-8A57-6A04420AA05E} = {CB2D8999-6E0D-49D3-878D-B2F06AFC0F4E}
		{9835DE04-AB68-4C93-BF1A-0768D25E244B} = {CB2D8999-6E0D-49D3-878D-B2F06AFC0F4E}
		{54BEFD56-F1D0-48A0-BE7D-F2D0B4A0A4AF} = {CB2D8999-6E0D-49D3-878D-B2F06AFC0F4E}
		{A2D89342-F06C-4672-AB72-FFB034E06F67} = {CB2D8999-6E0D-49D3-878D-B2F06AFC0F4E}
		{2289D1C2-86C0-4C1B-AA08-16B298483D16} = {CB2D8999-6E0D-49D3-878D-B2F06AFC0F4E}
		{5918DF3D-95B2-401D-9BC8-85640E0CF752} = {CB2D8999-6E0D-49D3-878D-B2F06AFC0F4E}
		{0570BBEE-63DD-4EF0-BBE8-C01547AD43C3} = {CB2D8999-6E0D-49D3-878D-B2F06AFC0F4E}
		{D68DD11F-B3AC-4F8F-B8BA-6076A096A11C} = {CB2D8999-6E0D-49D3-878D-B2F06AFC0F4E}
		{C5837FC0-D08E-4E01-B5BB-6F60AE36E441} = {CB2D8999-6E0D-49D3-878D-B2F06AFC0F4E}
		{16847238-009D-48FF-AE76-F7F824753F8E} = {CB2D8999-6E0D-49D3-878D-B2F06AFC0F4E}
		{2A37E2FF-B308-45AC-8DC4-E0E3AD73396A} = {CB2D8999-6E0D-49D3-878D-B2F06AFC0F4E}
		{0F19809C-4A67-41D1-901A-D7AD38F0C1EC} = {CB2D8999-6E0D-49D3-878D-B2F06AFC0F4E}
		{7DAF82BA-8134-40AB-B7C8-4FCB4B2E406F} = {CB2D8999-6E0D-49D3-878D-B2F06AFC0F4E}
		{02DC8BD9-CF11-4165-A264-BF2EE2BA9B50} = {CB2D8999-6E0D-49D3-878D-B2F06AFC0F4E}
		{DB9BDFD4-9D68-4E41-9470-5414C53D9E97} = {CB2D8999-6E0D-49D3-878D-B2F06AFC0F4E}
	EndGlobalSection
	GlobalSection(SolutionConfigurationPlatforms) = preSolution
		Debug|Any CPU = Debug|Any CPU
		Release|Any CPU = Release|Any CPU
	EndGlobalSection
	GlobalSection(ProjectConfigurationPlatforms) = postSolution
		{13A68CD1-A41F-4E16-9BB3-3AE00E52ED79}.Debug|Any CPU.ActiveCfg = Debug|Any CPU
		{13A68CD1-A41F-4E16-9BB3-3AE00E52ED79}.Debug|Any CPU.Build.0 = Debug|Any CPU
		{13A68CD1-A41F-4E16-9BB3-3AE00E52ED79}.Release|Any CPU.ActiveCfg = Release|Any CPU
		{13A68CD1-A41F-4E16-9BB3-3AE00E52ED79}.Release|Any CPU.Build.0 = Release|Any CPU
		{E29E12F1-709D-481E-B63D-5A16BB5C23EF}.Debug|Any CPU.ActiveCfg = Debug|Any CPU
		{E29E12F1-709D-481E-B63D-5A16BB5C23EF}.Debug|Any CPU.Build.0 = Debug|Any CPU
		{E29E12F1-709D-481E-B63D-5A16BB5C23EF}.Release|Any CPU.ActiveCfg = Release|Any CPU
		{E29E12F1-709D-481E-B63D-5A16BB5C23EF}.Release|Any CPU.Build.0 = Release|Any CPU
		{BE62F4BD-96F4-4ACB-9B53-573167D40754}.Debug|Any CPU.ActiveCfg = Debug|Any CPU
		{BE62F4BD-96F4-4ACB-9B53-573167D40754}.Debug|Any CPU.Build.0 = Debug|Any CPU
		{BE62F4BD-96F4-4ACB-9B53-573167D40754}.Release|Any CPU.ActiveCfg = Release|Any CPU
		{BE62F4BD-96F4-4ACB-9B53-573167D40754}.Release|Any CPU.Build.0 = Release|Any CPU
		{A01C1509-83B1-437E-9C8A-BC7AA20955BB}.Debug|Any CPU.ActiveCfg = Debug|Any CPU
		{A01C1509-83B1-437E-9C8A-BC7AA20955BB}.Debug|Any CPU.Build.0 = Debug|Any CPU
		{A01C1509-83B1-437E-9C8A-BC7AA20955BB}.Release|Any CPU.ActiveCfg = Release|Any CPU
		{A01C1509-83B1-437E-9C8A-BC7AA20955BB}.Release|Any CPU.Build.0 = Release|Any CPU
		{7C640237-E5CE-4F85-A1F5-9E9E33FA8872}.Debug|Any CPU.ActiveCfg = Debug|Any CPU
		{7C640237-E5CE-4F85-A1F5-9E9E33FA8872}.Debug|Any CPU.Build.0 = Debug|Any CPU
		{7C640237-E5CE-4F85-A1F5-9E9E33FA8872}.Release|Any CPU.ActiveCfg = Release|Any CPU
		{7C640237-E5CE-4F85-A1F5-9E9E33FA8872}.Release|Any CPU.Build.0 = Release|Any CPU
		{1A7E24F6-C3D8-4220-A289-120DDE3CE060}.Debug|Any CPU.ActiveCfg = Debug|Any CPU
		{1A7E24F6-C3D8-4220-A289-120DDE3CE060}.Debug|Any CPU.Build.0 = Debug|Any CPU
		{1A7E24F6-C3D8-4220-A289-120DDE3CE060}.Release|Any CPU.ActiveCfg = Release|Any CPU
		{1A7E24F6-C3D8-4220-A289-120DDE3CE060}.Release|Any CPU.Build.0 = Release|Any CPU
		{067C8937-4FB2-4885-8A57-6A04420AA05E}.Debug|Any CPU.ActiveCfg = Debug|Any CPU
		{067C8937-4FB2-4885-8A57-6A04420AA05E}.Debug|Any CPU.Build.0 = Debug|Any CPU
		{067C8937-4FB2-4885-8A57-6A04420AA05E}.Release|Any CPU.ActiveCfg = Release|Any CPU
		{067C8937-4FB2-4885-8A57-6A04420AA05E}.Release|Any CPU.Build.0 = Release|Any CPU
		{9835DE04-AB68-4C93-BF1A-0768D25E244B}.Debug|Any CPU.ActiveCfg = Debug|Any CPU
		{9835DE04-AB68-4C93-BF1A-0768D25E244B}.Debug|Any CPU.Build.0 = Debug|Any CPU
		{9835DE04-AB68-4C93-BF1A-0768D25E244B}.Release|Any CPU.ActiveCfg = Release|Any CPU
		{9835DE04-AB68-4C93-BF1A-0768D25E244B}.Release|Any CPU.Build.0 = Release|Any CPU
		{54BEFD56-F1D0-48A0-BE7D-F2D0B4A0A4AF}.Debug|Any CPU.ActiveCfg = Debug|Any CPU
		{54BEFD56-F1D0-48A0-BE7D-F2D0B4A0A4AF}.Debug|Any CPU.Build.0 = Debug|Any CPU
		{54BEFD56-F1D0-48A0-BE7D-F2D0B4A0A4AF}.Release|Any CPU.ActiveCfg = Release|Any CPU
		{54BEFD56-F1D0-48A0-BE7D-F2D0B4A0A4AF}.Release|Any CPU.Build.0 = Release|Any CPU
		{A2D89342-F06C-4672-AB72-FFB034E06F67}.Debug|Any CPU.ActiveCfg = Debug|Any CPU
		{A2D89342-F06C-4672-AB72-FFB034E06F67}.Debug|Any CPU.Build.0 = Debug|Any CPU
		{A2D89342-F06C-4672-AB72-FFB034E06F67}.Release|Any CPU.ActiveCfg = Release|Any CPU
		{A2D89342-F06C-4672-AB72-FFB034E06F67}.Release|Any CPU.Build.0 = Release|Any CPU
		{2289D1C2-86C0-4C1B-AA08-16B298483D16}.Debug|Any CPU.ActiveCfg = Debug|Any CPU
		{2289D1C2-86C0-4C1B-AA08-16B298483D16}.Debug|Any CPU.Build.0 = Debug|Any CPU
		{2289D1C2-86C0-4C1B-AA08-16B298483D16}.Release|Any CPU.ActiveCfg = Release|Any CPU
		{2289D1C2-86C0-4C1B-AA08-16B298483D16}.Release|Any CPU.Build.0 = Release|Any CPU
		{5918DF3D-95B2-401D-9BC8-85640E0CF752}.Debug|Any CPU.ActiveCfg = Debug|Any CPU
		{5918DF3D-95B2-401D-9BC8-85640E0CF752}.Debug|Any CPU.Build.0 = Debug|Any CPU
		{5918DF3D-95B2-401D-9BC8-85640E0CF752}.Release|Any CPU.ActiveCfg = Release|Any CPU
		{5918DF3D-95B2-401D-9BC8-85640E0CF752}.Release|Any CPU.Build.0 = Release|Any CPU
		{0570BBEE-63DD-4EF0-BBE8-C01547AD43C3}.Debug|Any CPU.ActiveCfg = Debug|Any CPU
		{0570BBEE-63DD-4EF0-BBE8-C01547AD43C3}.Debug|Any CPU.Build.0 = Debug|Any CPU
		{0570BBEE-63DD-4EF0-BBE8-C01547AD43C3}.Release|Any CPU.ActiveCfg = Release|Any CPU
		{0570BBEE-63DD-4EF0-BBE8-C01547AD43C3}.Release|Any CPU.Build.0 = Release|Any CPU
		{D68DD11F-B3AC-4F8F-B8BA-6076A096A11C}.Debug|Any CPU.ActiveCfg = Debug|Any CPU
		{D68DD11F-B3AC-4F8F-B8BA-6076A096A11C}.Debug|Any CPU.Build.0 = Debug|Any CPU
		{D68DD11F-B3AC-4F8F-B8BA-6076A096A11C}.Release|Any CPU.ActiveCfg = Release|Any CPU
		{D68DD11F-B3AC-4F8F-B8BA-6076A096A11C}.Release|Any CPU.Build.0 = Release|Any CPU
		{C5837FC0-D08E-4E01-B5BB-6F60AE36E441}.Debug|Any CPU.ActiveCfg = Debug|Any CPU
		{C5837FC0-D08E-4E01-B5BB-6F60AE36E441}.Debug|Any CPU.Build.0 = Debug|Any CPU
		{C5837FC0-D08E-4E01-B5BB-6F60AE36E441}.Release|Any CPU.ActiveCfg = Release|Any CPU
		{C5837FC0-D08E-4E01-B5BB-6F60AE36E441}.Release|Any CPU.Build.0 = Release|Any CPU
		{16847238-009D-48FF-AE76-F7F824753F8E}.Debug|Any CPU.ActiveCfg = Debug|Any CPU
		{16847238-009D-48FF-AE76-F7F824753F8E}.Debug|Any CPU.Build.0 = Debug|Any CPU
		{16847238-009D-48FF-AE76-F7F824753F8E}.Release|Any CPU.ActiveCfg = Release|Any CPU
		{16847238-009D-48FF-AE76-F7F824753F8E}.Release|Any CPU.Build.0 = Release|Any CPU
		{2A37E2FF-B308-45AC-8DC4-E0E3AD73396A}.Debug|Any CPU.ActiveCfg = Debug|Any CPU
		{2A37E2FF-B308-45AC-8DC4-E0E3AD73396A}.Debug|Any CPU.Build.0 = Debug|Any CPU
		{2A37E2FF-B308-45AC-8DC4-E0E3AD73396A}.Release|Any CPU.ActiveCfg = Release|Any CPU
		{2A37E2FF-B308-45AC-8DC4-E0E3AD73396A}.Release|Any CPU.Build.0 = Release|Any CPU
		{0F19809C-4A67-41D1-901A-D7AD38F0C1EC}.Debug|Any CPU.ActiveCfg = Debug|Any CPU
		{0F19809C-4A67-41D1-901A-D7AD38F0C1EC}.Debug|Any CPU.Build.0 = Debug|Any CPU
		{0F19809C-4A67-41D1-901A-D7AD38F0C1EC}.Release|Any CPU.ActiveCfg = Release|Any CPU
		{0F19809C-4A67-41D1-901A-D7AD38F0C1EC}.Release|Any CPU.Build.0 = Release|Any CPU
		{7DAF82BA-8134-40AB-B7C8-4FCB4B2E406F}.Debug|Any CPU.ActiveCfg = Debug|Any CPU
		{7DAF82BA-8134-40AB-B7C8-4FCB4B2E406F}.Debug|Any CPU.Build.0 = Debug|Any CPU
		{7DAF82BA-8134-40AB-B7C8-4FCB4B2E406F}.Release|Any CPU.ActiveCfg = Release|Any CPU
		{7DAF82BA-8134-40AB-B7C8-4FCB4B2E406F}.Release|Any CPU.Build.0 = Release|Any CPU
		{02DC8BD9-CF11-4165-A264-BF2EE2BA9B50}.Debug|Any CPU.ActiveCfg = Debug|Any CPU
		{02DC8BD9-CF11-4165-A264-BF2EE2BA9B50}.Debug|Any CPU.Build.0 = Debug|Any CPU
		{02DC8BD9-CF11-4165-A264-BF2EE2BA9B50}.Release|Any CPU.ActiveCfg = Release|Any CPU
		{02DC8BD9-CF11-4165-A264-BF2EE2BA9B50}.Release|Any CPU.Build.0 = Release|Any CPU
		{DB9BDFD4-9D68-4E41-9470-5414C53D9E97}.Debug|Any CPU.ActiveCfg = Debug|Any CPU
		{DB9BDFD4-9D68-4E41-9470-5414C53D9E97}.Debug|Any CPU.Build.0 = Debug|Any CPU
		{DB9BDFD4-9D68-4E41-9470-5414C53D9E97}.Release|Any CPU.ActiveCfg = Release|Any CPU
		{DB9BDFD4-9D68-4E41-9470-5414C53D9E97}.Release|Any CPU.Build.0 = Release|Any CPU
	EndGlobalSection
	GlobalSection(SolutionProperties) = preSolution
		HideSolutionNode = FALSE
	EndGlobalSection
	GlobalSection(ExtensibilityGlobals) = postSolution
		SolutionGuid = {CD11D58A-53C3-4C94-A109-05FFA91FEB4B}
	EndGlobalSection
EndGlobal
