
Microsoft Visual Studio Solution File, Format Version 12.00
# Visual Studio Version 17
VisualStudioVersion = 17.2.32630.192
MinimumVisualStudioVersion = 10.0.40219.1
Project("{9A19103F-16F7-4668-BE54-9A1E7A4F7556}") = "R5T.F0040", "R5T.F0040\R5T.F0040.csproj", "{13A68CD1-A41F-4E16-9BB3-3AE00E52ED79}"
EndProject
Global
	GlobalSection(SolutionConfigurationPlatforms) = preSolution
		Debug|Any CPU = Debug|Any CPU
		Release|Any CPU = Release|Any CPU
	EndGlobalSection
	GlobalSection(ProjectConfigurationPlatforms) = postSolution
		{13A68CD1-A41F-4E16-9BB3-3AE00E52ED79}.Debug|Any CPU.ActiveCfg = Debug|Any CPU
		{13A68CD1-A41F-4E16-9BB3-3AE00E52ED79}.Debug|Any CPU.Build.0 = Debug|Any CPU
		{13A68CD1-A41F-4E16-9BB3-3AE00E52ED79}.Release|Any CPU.ActiveCfg = Release|Any CPU
		{13A68CD1-A41F-4E16-9BB3-3AE00E52ED79}.Release|Any CPU.Build.0 = Release|Any CPU
	EndGlobalSection
	GlobalSection(SolutionProperties) = preSolution
		HideSolutionNode = FALSE
	EndGlobalSection
	GlobalSection(ExtensibilityGlobals) = postSolution
		SolutionGuid = {CD11D58A-53C3-4C94-A109-05FFA91FEB4B}
	EndGlobalSection
EndGlobal
